
Microsoft Visual Studio Solution File, Format Version 12.00
# Visual Studio Version 17
VisualStudioVersion = 17.6.33829.357
MinimumVisualStudioVersion = 10.0.40219.1
Project("{8BC9CEB8-8B4A-11D0-8D11-00A0C91BC942}") = "Server", "Server\Server.vcxproj", "{5ADAB642-E209-4F7A-9981-2102C5104E3D}"
EndProject
Project("{888888A0-9F3D-457C-B088-3A5042F75D52}") = "Client", "Client\Client.pyproj", "{51BD0363-B183-4ED5-B6F1-74C3394BBEFC}"
EndProject
Project("{8BC9CEB8-8B4A-11D0-8D11-00A0C91BC942}") = "Logger", "Logger\Logger.vcxproj", "{890A00D6-CDFA-4968-B580-507897485CEC}"
EndProject
Project("{8BC9CEB8-8B4A-11D0-8D11-00A0C91BC942}") = "ServerLib", "ServerLib\ServerLib.vcxproj", "{7C4BB324-61C1-4015-BBEC-BDD88E31C353}"
EndProject
Global
	GlobalSection(SolutionConfigurationPlatforms) = preSolution
		Debug|Any CPU = Debug|Any CPU
		Debug|x64 = Debug|x64
		Debug|x86 = Debug|x86
		Release|Any CPU = Release|Any CPU
		Release|x64 = Release|x64
		Release|x86 = Release|x86
	EndGlobalSection
	GlobalSection(ProjectConfigurationPlatforms) = postSolution
		{5ADAB642-E209-4F7A-9981-2102C5104E3D}.Debug|Any CPU.ActiveCfg = Debug|x64
		{5ADAB642-E209-4F7A-9981-2102C5104E3D}.Debug|Any CPU.Build.0 = Debug|x64
		{5ADAB642-E209-4F7A-9981-2102C5104E3D}.Debug|x64.ActiveCfg = Debug|x64
		{5ADAB642-E209-4F7A-9981-2102C5104E3D}.Debug|x64.Build.0 = Debug|x64
		{5ADAB642-E209-4F7A-9981-2102C5104E3D}.Debug|x86.ActiveCfg = Debug|Win32
		{5ADAB642-E209-4F7A-9981-2102C5104E3D}.Debug|x86.Build.0 = Debug|Win32
		{5ADAB642-E209-4F7A-9981-2102C5104E3D}.Release|Any CPU.ActiveCfg = Release|x64
		{5ADAB642-E209-4F7A-9981-2102C5104E3D}.Release|Any CPU.Build.0 = Release|x64
		{5ADAB642-E209-4F7A-9981-2102C5104E3D}.Release|x64.ActiveCfg = Release|x64
		{5ADAB642-E209-4F7A-9981-2102C5104E3D}.Release|x64.Build.0 = Release|x64
		{5ADAB642-E209-4F7A-9981-2102C5104E3D}.Release|x86.ActiveCfg = Release|Win32
		{5ADAB642-E209-4F7A-9981-2102C5104E3D}.Release|x86.Build.0 = Release|Win32
		{51BD0363-B183-4ED5-B6F1-74C3394BBEFC}.Debug|Any CPU.ActiveCfg = Debug|Any CPU
		{51BD0363-B183-4ED5-B6F1-74C3394BBEFC}.Debug|x64.ActiveCfg = Debug|Any CPU
		{51BD0363-B183-4ED5-B6F1-74C3394BBEFC}.Debug|x86.ActiveCfg = Debug|Any CPU
		{51BD0363-B183-4ED5-B6F1-74C3394BBEFC}.Release|Any CPU.ActiveCfg = Release|Any CPU
		{51BD0363-B183-4ED5-B6F1-74C3394BBEFC}.Release|x64.ActiveCfg = Release|Any CPU
		{51BD0363-B183-4ED5-B6F1-74C3394BBEFC}.Release|x86.ActiveCfg = Release|Any CPU
		{890A00D6-CDFA-4968-B580-507897485CEC}.Debug|Any CPU.ActiveCfg = Debug|x64
		{890A00D6-CDFA-4968-B580-507897485CEC}.Debug|Any CPU.Build.0 = Debug|x64
		{890A00D6-CDFA-4968-B580-507897485CEC}.Debug|x64.ActiveCfg = Debug|x64
		{890A00D6-CDFA-4968-B580-507897485CEC}.Debug|x64.Build.0 = Debug|x64
		{890A00D6-CDFA-4968-B580-507897485CEC}.Debug|x86.ActiveCfg = Debug|Win32
		{890A00D6-CDFA-4968-B580-507897485CEC}.Debug|x86.Build.0 = Debug|Win32
		{890A00D6-CDFA-4968-B580-507897485CEC}.Release|Any CPU.ActiveCfg = Release|x64
		{890A00D6-CDFA-4968-B580-507897485CEC}.Release|Any CPU.Build.0 = Release|x64
		{890A00D6-CDFA-4968-B580-507897485CEC}.Release|x64.ActiveCfg = Release|x64
		{890A00D6-CDFA-4968-B580-507897485CEC}.Release|x64.Build.0 = Release|x64
		{890A00D6-CDFA-4968-B580-507897485CEC}.Release|x86.ActiveCfg = Release|Win32
		{890A00D6-CDFA-4968-B580-507897485CEC}.Release|x86.Build.0 = Release|Win32
		{7C4BB324-61C1-4015-BBEC-BDD88E31C353}.Debug|Any CPU.ActiveCfg = Debug|x64
		{7C4BB324-61C1-4015-BBEC-BDD88E31C353}.Debug|Any CPU.Build.0 = Debug|x64
		{7C4BB324-61C1-4015-BBEC-BDD88E31C353}.Debug|x64.ActiveCfg = Debug|x64
		{7C4BB324-61C1-4015-BBEC-BDD88E31C353}.Debug|x64.Build.0 = Debug|x64
		{7C4BB324-61C1-4015-BBEC-BDD88E31C353}.Debug|x86.ActiveCfg = Debug|Win32
		{7C4BB324-61C1-4015-BBEC-BDD88E31C353}.Debug|x86.Build.0 = Debug|Win32
		{7C4BB324-61C1-4015-BBEC-BDD88E31C353}.Release|Any CPU.ActiveCfg = Release|x64
		{7C4BB324-61C1-4015-BBEC-BDD88E31C353}.Release|Any CPU.Build.0 = Release|x64
		{7C4BB324-61C1-4015-BBEC-BDD88E31C353}.Release|x64.ActiveCfg = Release|x64
		{7C4BB324-61C1-4015-BBEC-BDD88E31C353}.Release|x64.Build.0 = Release|x64
		{7C4BB324-61C1-4015-BBEC-BDD88E31C353}.Release|x86.ActiveCfg = Release|Win32
		{7C4BB324-61C1-4015-BBEC-BDD88E31C353}.Release|x86.Build.0 = Release|Win32
	EndGlobalSection
	GlobalSection(SolutionProperties) = preSolution
		HideSolutionNode = FALSE
	EndGlobalSection
	GlobalSection(ExtensibilityGlobals) = postSolution
		SolutionGuid = {8776E7AA-F971-4385-9212-00BCE05C6ED2}
	EndGlobalSection
EndGlobal
